
Microsoft Visual Studio Solution File, Format Version 12.00
# Visual Studio Version 17
VisualStudioVersion = 17.14.36623.8
MinimumVisualStudioVersion = 10.0.40219.1
Project("{FAE04EC0-301F-11D3-BF4B-00C04F79EFBC}") = "dotnet-restful-media-review-server", "dotnet-restful-media-review-server\dotnet-restful-media-review-server.csproj", "{5576AB4C-467D-4B71-BA8E-B35540BCD876}"
EndProject
Project("{FAE04EC0-301F-11D3-BF4B-00C04F79EFBC}") = "MediaReviewPlatform.Tests", "MediaReviewPlatform.Tests\MediaReviewPlatform.Tests.csproj", "{14B21EE2-450E-4183-815C-094C1F953497}"
EndProject
Global
	GlobalSection(SolutionConfigurationPlatforms) = preSolution
		Debug|Any CPU = Debug|Any CPU
		Debug|x64 = Debug|x64
		Debug|x86 = Debug|x86
		Release|Any CPU = Release|Any CPU
		Release|x64 = Release|x64
		Release|x86 = Release|x86
	EndGlobalSection
	GlobalSection(ProjectConfigurationPlatforms) = postSolution
		{5576AB4C-467D-4B71-BA8E-B35540BCD876}.Debug|Any CPU.ActiveCfg = Debug|Any CPU
		{5576AB4C-467D-4B71-BA8E-B35540BCD876}.Debug|Any CPU.Build.0 = Debug|Any CPU
		{5576AB4C-467D-4B71-BA8E-B35540BCD876}.Debug|x64.ActiveCfg = Debug|Any CPU
		{5576AB4C-467D-4B71-BA8E-B35540BCD876}.Debug|x64.Build.0 = Debug|Any CPU
		{5576AB4C-467D-4B71-BA8E-B35540BCD876}.Debug|x86.ActiveCfg = Debug|Any CPU
		{5576AB4C-467D-4B71-BA8E-B35540BCD876}.Debug|x86.Build.0 = Debug|Any CPU
		{5576AB4C-467D-4B71-BA8E-B35540BCD876}.Release|Any CPU.ActiveCfg = Release|Any CPU
		{5576AB4C-467D-4B71-BA8E-B35540BCD876}.Release|Any CPU.Build.0 = Release|Any CPU
		{5576AB4C-467D-4B71-BA8E-B35540BCD876}.Release|x64.ActiveCfg = Release|Any CPU
		{5576AB4C-467D-4B71-BA8E-B35540BCD876}.Release|x64.Build.0 = Release|Any CPU
		{5576AB4C-467D-4B71-BA8E-B35540BCD876}.Release|x86.ActiveCfg = Release|Any CPU
		{5576AB4C-467D-4B71-BA8E-B35540BCD876}.Release|x86.Build.0 = Release|Any CPU
		{14B21EE2-450E-4183-815C-094C1F953497}.Debug|Any CPU.ActiveCfg = Debug|Any CPU
		{14B21EE2-450E-4183-815C-094C1F953497}.Debug|Any CPU.Build.0 = Debug|Any CPU
		{14B21EE2-450E-4183-815C-094C1F953497}.Debug|x64.ActiveCfg = Debug|Any CPU
		{14B21EE2-450E-4183-815C-094C1F953497}.Debug|x64.Build.0 = Debug|Any CPU
		{14B21EE2-450E-4183-815C-094C1F953497}.Debug|x86.ActiveCfg = Debug|Any CPU
		{14B21EE2-450E-4183-815C-094C1F953497}.Debug|x86.Build.0 = Debug|Any CPU
		{14B21EE2-450E-4183-815C-094C1F953497}.Release|Any CPU.ActiveCfg = Release|Any CPU
		{14B21EE2-450E-4183-815C-094C1F953497}.Release|Any CPU.Build.0 = Release|Any CPU
		{14B21EE2-450E-4183-815C-094C1F953497}.Release|x64.ActiveCfg = Release|Any CPU
		{14B21EE2-450E-4183-815C-094C1F953497}.Release|x64.Build.0 = Release|Any CPU
		{14B21EE2-450E-4183-815C-094C1F953497}.Release|x86.ActiveCfg = Release|Any CPU
		{14B21EE2-450E-4183-815C-094C1F953497}.Release|x86.Build.0 = Release|Any CPU
	EndGlobalSection
	GlobalSection(SolutionProperties) = preSolution
		HideSolutionNode = FALSE
	EndGlobalSection
	GlobalSection(ExtensibilityGlobals) = postSolution
		SolutionGuid = {6AC60380-1CFE-47F9-AF6E-5D4375AEC9FA}
	EndGlobalSection
EndGlobal
